
Microsoft Visual Studio Solution File, Format Version 12.00
# Visual Studio Version 17
VisualStudioVersion = 17.0.32112.339
MinimumVisualStudioVersion = 10.0.40219.1
Project("{9A19103F-16F7-4668-BE54-9A1E7A4F7556}") = "NvEncWrapper", "NvEncWrapper\NvEncWrapper.csproj", "{E55FD524-63E6-457A-91F7-3674E9195CF9}"
	ProjectSection(ProjectDependencies) = postProject
		{82D3A0E0-984A-4E06-9908-1928B3C4C2E9} = {82D3A0E0-984A-4E06-9908-1928B3C4C2E9}
	EndProjectSection
EndProject
Project("{8BC9CEB8-8B4A-11D0-8D11-00A0C91BC942}") = "NvEncVideoSource", "NvEnc\NvEnc.vcxproj", "{82D3A0E0-984A-4E06-9908-1928B3C4C2E9}"
EndProject
Project("{9A19103F-16F7-4668-BE54-9A1E7A4F7556}") = "FlaneerMediaLib", "FlaneerMediaLib\FlaneerMediaLib.csproj", "{D4D0B018-6510-47B2-99F5-C789E4E89B06}"
EndProject
Project("{9A19103F-16F7-4668-BE54-9A1E7A4F7556}") = "LocalMediaFileOut", "LocalMediaFileOut\LocalMediaFileOut.csproj", "{E543DA67-4228-4586-91F9-B00D5AC951A0}"
EndProject
Project("{9A19103F-16F7-4668-BE54-9A1E7A4F7556}") = "UDPTestApp", "UDPTestApp\UDPTestApp.csproj", "{8A840A3C-42B0-4299-AA64-BD6F906C3378}"
EndProject
Project("{9A19103F-16F7-4668-BE54-9A1E7A4F7556}") = "UDPTestBroadcaster", "UDPTestBroadcaster\UDPTestBroadcaster.csproj", "{9219054E-A5CD-4F96-A91F-C42ACFAC9417}"
EndProject
Project("{9A19103F-16F7-4668-BE54-9A1E7A4F7556}") = "MediaLibTests", "MediaLibTests\MediaLibTests.csproj", "{AE764449-7706-46F1-9344-CD613CE4A077}"
EndProject
Project("{2150E333-8FDC-42A3-9474-1A3956D46DE8}") = "SampleProjects", "SampleProjects", "{528C0E90-FAFA-4813-B36D-B2BAD4FE9397}"
EndProject
Project("{8BC9CEB8-8B4A-11D0-8D11-00A0C91BC942}") = "MSNativeTests", "MSNativeTests\MSNativeTests.vcxproj", "{B77C0807-FA76-4675-9EB7-997F64132E3B}"
EndProject
Project("{9A19103F-16F7-4668-BE54-9A1E7A4F7556}") = "GLFWTestApp", "GLFWTestApp\GLFWTestApp.csproj", "{0F764FA0-8B26-4F3A-903F-B9E8E2041B37}"
EndProject
Project("{9A19103F-16F7-4668-BE54-9A1E7A4F7556}") = "GLDisplayApp", "GLDisplayApp\GLDisplayApp.csproj", "{79817801-83A9-4401-B923-1CA8862D0730}"
EndProject
Project("{8BC9CEB8-8B4A-11D0-8D11-00A0C91BC942}") = "FFmpegDecoder", "FFmpegDecoder\FFmpegDecoder.vcxproj", "{BF5A3ACC-7CD8-4B1A-B0BF-76E362DBB252}"
EndProject
Project("{9A19103F-16F7-4668-BE54-9A1E7A4F7556}") = "FFmpegDecoderWrapper", "FFmpegDecoderWrapper\FFmpegDecoderWrapper.csproj", "{A801B5B1-CB9B-4935-904B-FE56DB7AFDFD}"
	ProjectSection(ProjectDependencies) = postProject
		{BF5A3ACC-7CD8-4B1A-B0BF-76E362DBB252} = {BF5A3ACC-7CD8-4B1A-B0BF-76E362DBB252}
	EndProjectSection
EndProject
Project("{FAE04EC0-301F-11D3-BF4B-00C04F79EFBC}") = "UDPHolePunchClient", "UDPHolePunchClient\UDPHolePunchClient.csproj", "{C9A84DC2-5C79-4846-98E9-353D5D0059A5}"
EndProject
Project("{FAE04EC0-301F-11D3-BF4B-00C04F79EFBC}") = "UDPHolePunchServer", "UDPHolePunchServer\UDPHolePunchServer.csproj", "{1A45A519-919A-40E2-B7CF-975C0B32EAE4}"
EndProject
Global
	GlobalSection(SolutionConfigurationPlatforms) = preSolution
		Debug|Any CPU = Debug|Any CPU
		Debug|x64 = Debug|x64
		Debug|x86 = Debug|x86
		Release|Any CPU = Release|Any CPU
		Release|x64 = Release|x64
		Release|x86 = Release|x86
	EndGlobalSection
	GlobalSection(ProjectConfigurationPlatforms) = postSolution
		{E55FD524-63E6-457A-91F7-3674E9195CF9}.Debug|Any CPU.ActiveCfg = Debug|Any CPU
		{E55FD524-63E6-457A-91F7-3674E9195CF9}.Debug|Any CPU.Build.0 = Debug|Any CPU
		{E55FD524-63E6-457A-91F7-3674E9195CF9}.Debug|x64.ActiveCfg = Debug|Any CPU
		{E55FD524-63E6-457A-91F7-3674E9195CF9}.Debug|x64.Build.0 = Debug|Any CPU
		{E55FD524-63E6-457A-91F7-3674E9195CF9}.Debug|x86.ActiveCfg = Debug|Any CPU
		{E55FD524-63E6-457A-91F7-3674E9195CF9}.Debug|x86.Build.0 = Debug|Any CPU
		{E55FD524-63E6-457A-91F7-3674E9195CF9}.Release|Any CPU.ActiveCfg = Release|Any CPU
		{E55FD524-63E6-457A-91F7-3674E9195CF9}.Release|Any CPU.Build.0 = Release|Any CPU
		{E55FD524-63E6-457A-91F7-3674E9195CF9}.Release|x64.ActiveCfg = Release|Any CPU
		{E55FD524-63E6-457A-91F7-3674E9195CF9}.Release|x64.Build.0 = Release|Any CPU
		{E55FD524-63E6-457A-91F7-3674E9195CF9}.Release|x86.ActiveCfg = Release|Any CPU
		{E55FD524-63E6-457A-91F7-3674E9195CF9}.Release|x86.Build.0 = Release|Any CPU
		{82D3A0E0-984A-4E06-9908-1928B3C4C2E9}.Debug|Any CPU.ActiveCfg = Debug|x64
		{82D3A0E0-984A-4E06-9908-1928B3C4C2E9}.Debug|Any CPU.Build.0 = Debug|x64
		{82D3A0E0-984A-4E06-9908-1928B3C4C2E9}.Debug|x64.ActiveCfg = Debug|x64
		{82D3A0E0-984A-4E06-9908-1928B3C4C2E9}.Debug|x64.Build.0 = Debug|x64
		{82D3A0E0-984A-4E06-9908-1928B3C4C2E9}.Debug|x86.ActiveCfg = Debug|Win32
		{82D3A0E0-984A-4E06-9908-1928B3C4C2E9}.Debug|x86.Build.0 = Debug|Win32
		{82D3A0E0-984A-4E06-9908-1928B3C4C2E9}.Release|Any CPU.ActiveCfg = Release|x64
		{82D3A0E0-984A-4E06-9908-1928B3C4C2E9}.Release|Any CPU.Build.0 = Release|x64
		{82D3A0E0-984A-4E06-9908-1928B3C4C2E9}.Release|x64.ActiveCfg = Release|x64
		{82D3A0E0-984A-4E06-9908-1928B3C4C2E9}.Release|x64.Build.0 = Release|x64
		{82D3A0E0-984A-4E06-9908-1928B3C4C2E9}.Release|x86.ActiveCfg = Release|Win32
		{82D3A0E0-984A-4E06-9908-1928B3C4C2E9}.Release|x86.Build.0 = Release|Win32
		{D4D0B018-6510-47B2-99F5-C789E4E89B06}.Debug|Any CPU.ActiveCfg = Debug|Any CPU
		{D4D0B018-6510-47B2-99F5-C789E4E89B06}.Debug|Any CPU.Build.0 = Debug|Any CPU
		{D4D0B018-6510-47B2-99F5-C789E4E89B06}.Debug|x64.ActiveCfg = Debug|Any CPU
		{D4D0B018-6510-47B2-99F5-C789E4E89B06}.Debug|x64.Build.0 = Debug|Any CPU
		{D4D0B018-6510-47B2-99F5-C789E4E89B06}.Debug|x86.ActiveCfg = Debug|Any CPU
		{D4D0B018-6510-47B2-99F5-C789E4E89B06}.Debug|x86.Build.0 = Debug|Any CPU
		{D4D0B018-6510-47B2-99F5-C789E4E89B06}.Release|Any CPU.ActiveCfg = Release|Any CPU
		{D4D0B018-6510-47B2-99F5-C789E4E89B06}.Release|Any CPU.Build.0 = Release|Any CPU
		{D4D0B018-6510-47B2-99F5-C789E4E89B06}.Release|x64.ActiveCfg = Release|Any CPU
		{D4D0B018-6510-47B2-99F5-C789E4E89B06}.Release|x64.Build.0 = Release|Any CPU
		{D4D0B018-6510-47B2-99F5-C789E4E89B06}.Release|x86.ActiveCfg = Release|Any CPU
		{D4D0B018-6510-47B2-99F5-C789E4E89B06}.Release|x86.Build.0 = Release|Any CPU
		{E543DA67-4228-4586-91F9-B00D5AC951A0}.Debug|Any CPU.ActiveCfg = Debug|Any CPU
		{E543DA67-4228-4586-91F9-B00D5AC951A0}.Debug|Any CPU.Build.0 = Debug|Any CPU
		{E543DA67-4228-4586-91F9-B00D5AC951A0}.Debug|x64.ActiveCfg = Debug|Any CPU
		{E543DA67-4228-4586-91F9-B00D5AC951A0}.Debug|x64.Build.0 = Debug|Any CPU
		{E543DA67-4228-4586-91F9-B00D5AC951A0}.Debug|x86.ActiveCfg = Debug|Any CPU
		{E543DA67-4228-4586-91F9-B00D5AC951A0}.Debug|x86.Build.0 = Debug|Any CPU
		{E543DA67-4228-4586-91F9-B00D5AC951A0}.Release|Any CPU.ActiveCfg = Release|Any CPU
		{E543DA67-4228-4586-91F9-B00D5AC951A0}.Release|Any CPU.Build.0 = Release|Any CPU
		{E543DA67-4228-4586-91F9-B00D5AC951A0}.Release|x64.ActiveCfg = Release|Any CPU
		{E543DA67-4228-4586-91F9-B00D5AC951A0}.Release|x64.Build.0 = Release|Any CPU
		{E543DA67-4228-4586-91F9-B00D5AC951A0}.Release|x86.ActiveCfg = Release|Any CPU
		{E543DA67-4228-4586-91F9-B00D5AC951A0}.Release|x86.Build.0 = Release|Any CPU
		{8A840A3C-42B0-4299-AA64-BD6F906C3378}.Debug|Any CPU.ActiveCfg = Debug|Any CPU
		{8A840A3C-42B0-4299-AA64-BD6F906C3378}.Debug|Any CPU.Build.0 = Debug|Any CPU
		{8A840A3C-42B0-4299-AA64-BD6F906C3378}.Debug|x64.ActiveCfg = Debug|Any CPU
		{8A840A3C-42B0-4299-AA64-BD6F906C3378}.Debug|x64.Build.0 = Debug|Any CPU
		{8A840A3C-42B0-4299-AA64-BD6F906C3378}.Debug|x86.ActiveCfg = Debug|Any CPU
		{8A840A3C-42B0-4299-AA64-BD6F906C3378}.Debug|x86.Build.0 = Debug|Any CPU
		{8A840A3C-42B0-4299-AA64-BD6F906C3378}.Release|Any CPU.ActiveCfg = Release|Any CPU
		{8A840A3C-42B0-4299-AA64-BD6F906C3378}.Release|Any CPU.Build.0 = Release|Any CPU
		{8A840A3C-42B0-4299-AA64-BD6F906C3378}.Release|x64.ActiveCfg = Release|Any CPU
		{8A840A3C-42B0-4299-AA64-BD6F906C3378}.Release|x64.Build.0 = Release|Any CPU
		{8A840A3C-42B0-4299-AA64-BD6F906C3378}.Release|x86.ActiveCfg = Release|Any CPU
		{8A840A3C-42B0-4299-AA64-BD6F906C3378}.Release|x86.Build.0 = Release|Any CPU
		{9219054E-A5CD-4F96-A91F-C42ACFAC9417}.Debug|Any CPU.ActiveCfg = Debug|Any CPU
		{9219054E-A5CD-4F96-A91F-C42ACFAC9417}.Debug|Any CPU.Build.0 = Debug|Any CPU
		{9219054E-A5CD-4F96-A91F-C42ACFAC9417}.Debug|x64.ActiveCfg = Debug|Any CPU
		{9219054E-A5CD-4F96-A91F-C42ACFAC9417}.Debug|x64.Build.0 = Debug|Any CPU
		{9219054E-A5CD-4F96-A91F-C42ACFAC9417}.Debug|x86.ActiveCfg = Debug|Any CPU
		{9219054E-A5CD-4F96-A91F-C42ACFAC9417}.Debug|x86.Build.0 = Debug|Any CPU
		{9219054E-A5CD-4F96-A91F-C42ACFAC9417}.Release|Any CPU.ActiveCfg = Release|Any CPU
		{9219054E-A5CD-4F96-A91F-C42ACFAC9417}.Release|Any CPU.Build.0 = Release|Any CPU
		{9219054E-A5CD-4F96-A91F-C42ACFAC9417}.Release|x64.ActiveCfg = Release|Any CPU
		{9219054E-A5CD-4F96-A91F-C42ACFAC9417}.Release|x64.Build.0 = Release|Any CPU
		{9219054E-A5CD-4F96-A91F-C42ACFAC9417}.Release|x86.ActiveCfg = Release|Any CPU
		{9219054E-A5CD-4F96-A91F-C42ACFAC9417}.Release|x86.Build.0 = Release|Any CPU
		{AE764449-7706-46F1-9344-CD613CE4A077}.Debug|Any CPU.ActiveCfg = Debug|Any CPU
		{AE764449-7706-46F1-9344-CD613CE4A077}.Debug|Any CPU.Build.0 = Debug|Any CPU
		{AE764449-7706-46F1-9344-CD613CE4A077}.Debug|x64.ActiveCfg = Debug|Any CPU
		{AE764449-7706-46F1-9344-CD613CE4A077}.Debug|x64.Build.0 = Debug|Any CPU
		{AE764449-7706-46F1-9344-CD613CE4A077}.Debug|x86.ActiveCfg = Debug|Any CPU
		{AE764449-7706-46F1-9344-CD613CE4A077}.Debug|x86.Build.0 = Debug|Any CPU
		{AE764449-7706-46F1-9344-CD613CE4A077}.Release|Any CPU.ActiveCfg = Release|Any CPU
		{AE764449-7706-46F1-9344-CD613CE4A077}.Release|Any CPU.Build.0 = Release|Any CPU
		{AE764449-7706-46F1-9344-CD613CE4A077}.Release|x64.ActiveCfg = Release|Any CPU
		{AE764449-7706-46F1-9344-CD613CE4A077}.Release|x64.Build.0 = Release|Any CPU
		{AE764449-7706-46F1-9344-CD613CE4A077}.Release|x86.ActiveCfg = Release|Any CPU
		{AE764449-7706-46F1-9344-CD613CE4A077}.Release|x86.Build.0 = Release|Any CPU
		{B77C0807-FA76-4675-9EB7-997F64132E3B}.Debug|Any CPU.ActiveCfg = Debug|x64
		{B77C0807-FA76-4675-9EB7-997F64132E3B}.Debug|Any CPU.Build.0 = Debug|x64
		{B77C0807-FA76-4675-9EB7-997F64132E3B}.Debug|x64.ActiveCfg = Debug|x64
		{B77C0807-FA76-4675-9EB7-997F64132E3B}.Debug|x64.Build.0 = Debug|x64
		{B77C0807-FA76-4675-9EB7-997F64132E3B}.Debug|x86.ActiveCfg = Debug|Win32
		{B77C0807-FA76-4675-9EB7-997F64132E3B}.Debug|x86.Build.0 = Debug|Win32
		{B77C0807-FA76-4675-9EB7-997F64132E3B}.Release|Any CPU.ActiveCfg = Release|x64
		{B77C0807-FA76-4675-9EB7-997F64132E3B}.Release|Any CPU.Build.0 = Release|x64
		{B77C0807-FA76-4675-9EB7-997F64132E3B}.Release|x64.ActiveCfg = Release|x64
		{B77C0807-FA76-4675-9EB7-997F64132E3B}.Release|x64.Build.0 = Release|x64
		{B77C0807-FA76-4675-9EB7-997F64132E3B}.Release|x86.ActiveCfg = Release|Win32
		{B77C0807-FA76-4675-9EB7-997F64132E3B}.Release|x86.Build.0 = Release|Win32
		{0F764FA0-8B26-4F3A-903F-B9E8E2041B37}.Debug|Any CPU.ActiveCfg = Debug|Any CPU
		{0F764FA0-8B26-4F3A-903F-B9E8E2041B37}.Debug|Any CPU.Build.0 = Debug|Any CPU
		{0F764FA0-8B26-4F3A-903F-B9E8E2041B37}.Debug|x64.ActiveCfg = Debug|Any CPU
		{0F764FA0-8B26-4F3A-903F-B9E8E2041B37}.Debug|x64.Build.0 = Debug|Any CPU
		{0F764FA0-8B26-4F3A-903F-B9E8E2041B37}.Debug|x86.ActiveCfg = Debug|Any CPU
		{0F764FA0-8B26-4F3A-903F-B9E8E2041B37}.Debug|x86.Build.0 = Debug|Any CPU
		{0F764FA0-8B26-4F3A-903F-B9E8E2041B37}.Release|Any CPU.ActiveCfg = Release|Any CPU
		{0F764FA0-8B26-4F3A-903F-B9E8E2041B37}.Release|Any CPU.Build.0 = Release|Any CPU
		{0F764FA0-8B26-4F3A-903F-B9E8E2041B37}.Release|x64.ActiveCfg = Release|Any CPU
		{0F764FA0-8B26-4F3A-903F-B9E8E2041B37}.Release|x64.Build.0 = Release|Any CPU
		{0F764FA0-8B26-4F3A-903F-B9E8E2041B37}.Release|x86.ActiveCfg = Release|Any CPU
		{0F764FA0-8B26-4F3A-903F-B9E8E2041B37}.Release|x86.Build.0 = Release|Any CPU
		{79817801-83A9-4401-B923-1CA8862D0730}.Debug|Any CPU.ActiveCfg = Debug|Any CPU
		{79817801-83A9-4401-B923-1CA8862D0730}.Debug|Any CPU.Build.0 = Debug|Any CPU
		{79817801-83A9-4401-B923-1CA8862D0730}.Debug|x64.ActiveCfg = Debug|Any CPU
		{79817801-83A9-4401-B923-1CA8862D0730}.Debug|x64.Build.0 = Debug|Any CPU
		{79817801-83A9-4401-B923-1CA8862D0730}.Debug|x86.ActiveCfg = Debug|Any CPU
		{79817801-83A9-4401-B923-1CA8862D0730}.Debug|x86.Build.0 = Debug|Any CPU
		{79817801-83A9-4401-B923-1CA8862D0730}.Release|Any CPU.ActiveCfg = Release|Any CPU
		{79817801-83A9-4401-B923-1CA8862D0730}.Release|Any CPU.Build.0 = Release|Any CPU
		{79817801-83A9-4401-B923-1CA8862D0730}.Release|x64.ActiveCfg = Release|Any CPU
		{79817801-83A9-4401-B923-1CA8862D0730}.Release|x64.Build.0 = Release|Any CPU
		{79817801-83A9-4401-B923-1CA8862D0730}.Release|x86.ActiveCfg = Release|Any CPU
		{79817801-83A9-4401-B923-1CA8862D0730}.Release|x86.Build.0 = Release|Any CPU
		{BF5A3ACC-7CD8-4B1A-B0BF-76E362DBB252}.Debug|Any CPU.ActiveCfg = Debug|x64
		{BF5A3ACC-7CD8-4B1A-B0BF-76E362DBB252}.Debug|Any CPU.Build.0 = Debug|x64
		{BF5A3ACC-7CD8-4B1A-B0BF-76E362DBB252}.Debug|x64.ActiveCfg = Debug|x64
		{BF5A3ACC-7CD8-4B1A-B0BF-76E362DBB252}.Debug|x64.Build.0 = Debug|x64
		{BF5A3ACC-7CD8-4B1A-B0BF-76E362DBB252}.Debug|x86.ActiveCfg = Debug|Win32
		{BF5A3ACC-7CD8-4B1A-B0BF-76E362DBB252}.Debug|x86.Build.0 = Debug|Win32
		{BF5A3ACC-7CD8-4B1A-B0BF-76E362DBB252}.Release|Any CPU.ActiveCfg = Release|x64
		{BF5A3ACC-7CD8-4B1A-B0BF-76E362DBB252}.Release|Any CPU.Build.0 = Release|x64
		{BF5A3ACC-7CD8-4B1A-B0BF-76E362DBB252}.Release|x64.ActiveCfg = Release|x64
		{BF5A3ACC-7CD8-4B1A-B0BF-76E362DBB252}.Release|x64.Build.0 = Release|x64
		{BF5A3ACC-7CD8-4B1A-B0BF-76E362DBB252}.Release|x86.ActiveCfg = Release|Win32
		{BF5A3ACC-7CD8-4B1A-B0BF-76E362DBB252}.Release|x86.Build.0 = Release|Win32
		{A801B5B1-CB9B-4935-904B-FE56DB7AFDFD}.Debug|Any CPU.ActiveCfg = Debug|Any CPU
		{A801B5B1-CB9B-4935-904B-FE56DB7AFDFD}.Debug|Any CPU.Build.0 = Debug|Any CPU
		{A801B5B1-CB9B-4935-904B-FE56DB7AFDFD}.Debug|x64.ActiveCfg = Debug|Any CPU
		{A801B5B1-CB9B-4935-904B-FE56DB7AFDFD}.Debug|x64.Build.0 = Debug|Any CPU
		{A801B5B1-CB9B-4935-904B-FE56DB7AFDFD}.Debug|x86.ActiveCfg = Debug|Any CPU
		{A801B5B1-CB9B-4935-904B-FE56DB7AFDFD}.Debug|x86.Build.0 = Debug|Any CPU
		{A801B5B1-CB9B-4935-904B-FE56DB7AFDFD}.Release|Any CPU.ActiveCfg = Release|Any CPU
		{A801B5B1-CB9B-4935-904B-FE56DB7AFDFD}.Release|Any CPU.Build.0 = Release|Any CPU
		{A801B5B1-CB9B-4935-904B-FE56DB7AFDFD}.Release|x64.ActiveCfg = Release|Any CPU
		{A801B5B1-CB9B-4935-904B-FE56DB7AFDFD}.Release|x64.Build.0 = Release|Any CPU
		{A801B5B1-CB9B-4935-904B-FE56DB7AFDFD}.Release|x86.ActiveCfg = Release|Any CPU
		{A801B5B1-CB9B-4935-904B-FE56DB7AFDFD}.Release|x86.Build.0 = Release|Any CPU
		{C9A84DC2-5C79-4846-98E9-353D5D0059A5}.Debug|Any CPU.ActiveCfg = Debug|Any CPU
		{C9A84DC2-5C79-4846-98E9-353D5D0059A5}.Debug|Any CPU.Build.0 = Debug|Any CPU
		{C9A84DC2-5C79-4846-98E9-353D5D0059A5}.Debug|x64.ActiveCfg = Debug|Any CPU
		{C9A84DC2-5C79-4846-98E9-353D5D0059A5}.Debug|x64.Build.0 = Debug|Any CPU
		{C9A84DC2-5C79-4846-98E9-353D5D0059A5}.Debug|x86.ActiveCfg = Debug|Any CPU
		{C9A84DC2-5C79-4846-98E9-353D5D0059A5}.Debug|x86.Build.0 = Debug|Any CPU
		{C9A84DC2-5C79-4846-98E9-353D5D0059A5}.Release|Any CPU.ActiveCfg = Release|Any CPU
		{C9A84DC2-5C79-4846-98E9-353D5D0059A5}.Release|Any CPU.Build.0 = Release|Any CPU
		{C9A84DC2-5C79-4846-98E9-353D5D0059A5}.Release|x64.ActiveCfg = Release|Any CPU
		{C9A84DC2-5C79-4846-98E9-353D5D0059A5}.Release|x64.Build.0 = Release|Any CPU
		{C9A84DC2-5C79-4846-98E9-353D5D0059A5}.Release|x86.ActiveCfg = Release|Any CPU
		{C9A84DC2-5C79-4846-98E9-353D5D0059A5}.Release|x86.Build.0 = Release|Any CPU
		{1A45A519-919A-40E2-B7CF-975C0B32EAE4}.Debug|Any CPU.ActiveCfg = Debug|Any CPU
		{1A45A519-919A-40E2-B7CF-975C0B32EAE4}.Debug|Any CPU.Build.0 = Debug|Any CPU
		{1A45A519-919A-40E2-B7CF-975C0B32EAE4}.Debug|x64.ActiveCfg = Debug|Any CPU
		{1A45A519-919A-40E2-B7CF-975C0B32EAE4}.Debug|x64.Build.0 = Debug|Any CPU
		{1A45A519-919A-40E2-B7CF-975C0B32EAE4}.Debug|x86.ActiveCfg = Debug|Any CPU
		{1A45A519-919A-40E2-B7CF-975C0B32EAE4}.Debug|x86.Build.0 = Debug|Any CPU
		{1A45A519-919A-40E2-B7CF-975C0B32EAE4}.Release|Any CPU.ActiveCfg = Release|Any CPU
		{1A45A519-919A-40E2-B7CF-975C0B32EAE4}.Release|Any CPU.Build.0 = Release|Any CPU
		{1A45A519-919A-40E2-B7CF-975C0B32EAE4}.Release|x64.ActiveCfg = Release|Any CPU
		{1A45A519-919A-40E2-B7CF-975C0B32EAE4}.Release|x64.Build.0 = Release|Any CPU
		{1A45A519-919A-40E2-B7CF-975C0B32EAE4}.Release|x86.ActiveCfg = Release|Any CPU
		{1A45A519-919A-40E2-B7CF-975C0B32EAE4}.Release|x86.Build.0 = Release|Any CPU
	EndGlobalSection
	GlobalSection(SolutionProperties) = preSolution
		HideSolutionNode = FALSE
	EndGlobalSection
	GlobalSection(NestedProjects) = preSolution
		{E543DA67-4228-4586-91F9-B00D5AC951A0} = {528C0E90-FAFA-4813-B36D-B2BAD4FE9397}
		{8A840A3C-42B0-4299-AA64-BD6F906C3378} = {528C0E90-FAFA-4813-B36D-B2BAD4FE9397}
		{9219054E-A5CD-4F96-A91F-C42ACFAC9417} = {528C0E90-FAFA-4813-B36D-B2BAD4FE9397}
		{0F764FA0-8B26-4F3A-903F-B9E8E2041B37} = {528C0E90-FAFA-4813-B36D-B2BAD4FE9397}
		{C9A84DC2-5C79-4846-98E9-353D5D0059A5} = {528C0E90-FAFA-4813-B36D-B2BAD4FE9397}
		{1A45A519-919A-40E2-B7CF-975C0B32EAE4} = {528C0E90-FAFA-4813-B36D-B2BAD4FE9397}
	EndGlobalSection
	GlobalSection(ExtensibilityGlobals) = postSolution
		SolutionGuid = {263EC32D-7B78-4705-8091-5A86960298C7}
	EndGlobalSection
EndGlobal
